
Microsoft Visual Studio Solution File, Format Version 12.00
# Visual Studio Version 16
VisualStudioVersion = 16.0.30503.244
MinimumVisualStudioVersion = 10.0.40219.1
Project("{FAE04EC0-301F-11D3-BF4B-00C04F79EFBC}") = "TuningStudio", "TuningStudio\TuningStudio.csproj", "{53CB37D6-9771-47F1-A951-AD3819AE8278}"
EndProject
Global
	GlobalSection(SolutionConfigurationPlatforms) = preSolution
		Debug|Any CPU = Debug|Any CPU
		Release|Any CPU = Release|Any CPU
	EndGlobalSection
	GlobalSection(ProjectConfigurationPlatforms) = postSolution
		{53CB37D6-9771-47F1-A951-AD3819AE8278}.Debug|Any CPU.ActiveCfg = Debug|Any CPU
		{53CB37D6-9771-47F1-A951-AD3819AE8278}.Debug|Any CPU.Build.0 = Debug|Any CPU
		{53CB37D6-9771-47F1-A951-AD3819AE8278}.Release|Any CPU.ActiveCfg = Release|Any CPU
		{53CB37D6-9771-47F1-A951-AD3819AE8278}.Release|Any CPU.Build.0 = Release|Any CPU
	EndGlobalSection
	GlobalSection(SolutionProperties) = preSolution
		HideSolutionNode = FALSE
	EndGlobalSection
	GlobalSection(ExtensibilityGlobals) = postSolution
		SolutionGuid = {6156FD6B-D1DE-4193-A556-D51E018E2CA0}
	EndGlobalSection
EndGlobal
